
Microsoft Visual Studio Solution File, Format Version 12.00
# Visual Studio Version 17
VisualStudioVersion = 17.11.34909.67
MinimumVisualStudioVersion = 10.0.40219.1
Project("{9A19103F-16F7-4668-BE54-9A1E7A4F7556}") = "Otus.Exceptions", "Otus.Exceptions.csproj", "{C92D9199-9F58-4584-922E-8E61980D7249}"
EndProject
Global
	GlobalSection(SolutionConfigurationPlatforms) = preSolution
		Debug|Any CPU = Debug|Any CPU
		Release|Any CPU = Release|Any CPU
	EndGlobalSection
	GlobalSection(ProjectConfigurationPlatforms) = postSolution
		{C92D9199-9F58-4584-922E-8E61980D7249}.Debug|Any CPU.ActiveCfg = Debug|Any CPU
		{C92D9199-9F58-4584-922E-8E61980D7249}.Debug|Any CPU.Build.0 = Debug|Any CPU
		{C92D9199-9F58-4584-922E-8E61980D7249}.Release|Any CPU.ActiveCfg = Release|Any CPU
		{C92D9199-9F58-4584-922E-8E61980D7249}.Release|Any CPU.Build.0 = Release|Any CPU
	EndGlobalSection
	GlobalSection(SolutionProperties) = preSolution
		HideSolutionNode = FALSE
	EndGlobalSection
	GlobalSection(ExtensibilityGlobals) = postSolution
		SolutionGuid = {2EF083ED-70C5-45C3-9332-35F19F0B9BAB}
	EndGlobalSection
EndGlobal
